
Microsoft Visual Studio Solution File, Format Version 12.00
# Visual Studio 15
VisualStudioVersion = 15.0.27703.2042
MinimumVisualStudioVersion = 10.0.40219.1
Project("{FAE04EC0-301F-11D3-BF4B-00C04F79EFBC}") = "IOExercise", "IOExercise\IOExercise.csproj", "{5C86CD18-462D-4C7C-A3E0-98DC34ABC916}"
EndProject
Global
	GlobalSection(SolutionConfigurationPlatforms) = preSolution
		Debug|Any CPU = Debug|Any CPU
		Release|Any CPU = Release|Any CPU
	EndGlobalSection
	GlobalSection(ProjectConfigurationPlatforms) = postSolution
		{5C86CD18-462D-4C7C-A3E0-98DC34ABC916}.Debug|Any CPU.ActiveCfg = Debug|Any CPU
		{5C86CD18-462D-4C7C-A3E0-98DC34ABC916}.Debug|Any CPU.Build.0 = Debug|Any CPU
		{5C86CD18-462D-4C7C-A3E0-98DC34ABC916}.Release|Any CPU.ActiveCfg = Release|Any CPU
		{5C86CD18-462D-4C7C-A3E0-98DC34ABC916}.Release|Any CPU.Build.0 = Release|Any CPU
	EndGlobalSection
	GlobalSection(SolutionProperties) = preSolution
		HideSolutionNode = FALSE
	EndGlobalSection
	GlobalSection(ExtensibilityGlobals) = postSolution
		SolutionGuid = {84957648-69DA-4F1B-831F-F3F07B0287A0}
	EndGlobalSection
EndGlobal
