
Microsoft Visual Studio Solution File, Format Version 12.00
# Visual Studio 15
VisualStudioVersion = 15.0.27703.2042
MinimumVisualStudioVersion = 10.0.40219.1
Project("{FAE04EC0-301F-11D3-BF4B-00C04F79EFBC}") = "MethodsAndClasses", "MethodsAndClasses\MethodsAndClasses.csproj", "{5EBB181D-1815-4D77-9CC4-D7000C047ED7}"
EndProject
Global
	GlobalSection(SolutionConfigurationPlatforms) = preSolution
		Debug|Any CPU = Debug|Any CPU
		Release|Any CPU = Release|Any CPU
	EndGlobalSection
	GlobalSection(ProjectConfigurationPlatforms) = postSolution
		{5EBB181D-1815-4D77-9CC4-D7000C047ED7}.Debug|Any CPU.ActiveCfg = Debug|Any CPU
		{5EBB181D-1815-4D77-9CC4-D7000C047ED7}.Debug|Any CPU.Build.0 = Debug|Any CPU
		{5EBB181D-1815-4D77-9CC4-D7000C047ED7}.Release|Any CPU.ActiveCfg = Release|Any CPU
		{5EBB181D-1815-4D77-9CC4-D7000C047ED7}.Release|Any CPU.Build.0 = Release|Any CPU
	EndGlobalSection
	GlobalSection(SolutionProperties) = preSolution
		HideSolutionNode = FALSE
	EndGlobalSection
	GlobalSection(ExtensibilityGlobals) = postSolution
		SolutionGuid = {2EACEED2-1711-4389-A0B6-2FD2361A8CBB}
	EndGlobalSection
EndGlobal
