
Microsoft Visual Studio Solution File, Format Version 12.00
# Visual Studio 15
VisualStudioVersion = 15.0.28010.2026
MinimumVisualStudioVersion = 10.0.40219.1
Project("{FAE04EC0-301F-11D3-BF4B-00C04F79EFBC}") = "ContosoUniversity", "ContosoUniversity\ContosoUniversity.csproj", "{9C4E7674-0A64-4AD6-87EF-C9ACA229E8EC}"
EndProject
Global
	GlobalSection(SolutionConfigurationPlatforms) = preSolution
		Debug|Any CPU = Debug|Any CPU
		Release|Any CPU = Release|Any CPU
	EndGlobalSection
	GlobalSection(ProjectConfigurationPlatforms) = postSolution
		{9C4E7674-0A64-4AD6-87EF-C9ACA229E8EC}.Debug|Any CPU.ActiveCfg = Debug|Any CPU
		{9C4E7674-0A64-4AD6-87EF-C9ACA229E8EC}.Debug|Any CPU.Build.0 = Debug|Any CPU
		{9C4E7674-0A64-4AD6-87EF-C9ACA229E8EC}.Release|Any CPU.ActiveCfg = Release|Any CPU
		{9C4E7674-0A64-4AD6-87EF-C9ACA229E8EC}.Release|Any CPU.Build.0 = Release|Any CPU
	EndGlobalSection
	GlobalSection(SolutionProperties) = preSolution
		HideSolutionNode = FALSE
	EndGlobalSection
	GlobalSection(ExtensibilityGlobals) = postSolution
		SolutionGuid = {3F2DBED1-04F2-4D1D-80FB-8F843629808B}
	EndGlobalSection
EndGlobal
