
Microsoft Visual Studio Solution File, Format Version 12.00
# Visual Studio 15
VisualStudioVersion = 15.0.27703.2042
MinimumVisualStudioVersion = 10.0.40219.1
Project("{FAE04EC0-301F-11D3-BF4B-00C04F79EFBC}") = "MvcTutorials", "MvcTutorials\MvcTutorials.csproj", "{3E4A9D31-3FA8-4300-8327-742163A14399}"
EndProject
Global
	GlobalSection(SolutionConfigurationPlatforms) = preSolution
		Debug|Any CPU = Debug|Any CPU
		Release|Any CPU = Release|Any CPU
	EndGlobalSection
	GlobalSection(ProjectConfigurationPlatforms) = postSolution
		{3E4A9D31-3FA8-4300-8327-742163A14399}.Debug|Any CPU.ActiveCfg = Debug|Any CPU
		{3E4A9D31-3FA8-4300-8327-742163A14399}.Debug|Any CPU.Build.0 = Debug|Any CPU
		{3E4A9D31-3FA8-4300-8327-742163A14399}.Release|Any CPU.ActiveCfg = Release|Any CPU
		{3E4A9D31-3FA8-4300-8327-742163A14399}.Release|Any CPU.Build.0 = Release|Any CPU
	EndGlobalSection
	GlobalSection(SolutionProperties) = preSolution
		HideSolutionNode = FALSE
	EndGlobalSection
	GlobalSection(ExtensibilityGlobals) = postSolution
		SolutionGuid = {35107E89-92E9-4C1B-91F0-7EDF995C7423}
	EndGlobalSection
EndGlobal
