
Microsoft Visual Studio Solution File, Format Version 12.00
# Visual Studio 15
VisualStudioVersion = 15.0.27703.2042
MinimumVisualStudioVersion = 10.0.40219.1
Project("{FAE04EC0-301F-11D3-BF4B-00C04F79EFBC}") = "VariablesAndDataTypesExercise", "VariablesAndDataTypesExercise\VariablesAndDataTypesExercise.csproj", "{157F4756-1DF0-4A1A-B6B0-43D1AEC19FE1}"
EndProject
Global
	GlobalSection(SolutionConfigurationPlatforms) = preSolution
		Debug|Any CPU = Debug|Any CPU
		Release|Any CPU = Release|Any CPU
	EndGlobalSection
	GlobalSection(ProjectConfigurationPlatforms) = postSolution
		{157F4756-1DF0-4A1A-B6B0-43D1AEC19FE1}.Debug|Any CPU.ActiveCfg = Debug|Any CPU
		{157F4756-1DF0-4A1A-B6B0-43D1AEC19FE1}.Debug|Any CPU.Build.0 = Debug|Any CPU
		{157F4756-1DF0-4A1A-B6B0-43D1AEC19FE1}.Release|Any CPU.ActiveCfg = Release|Any CPU
		{157F4756-1DF0-4A1A-B6B0-43D1AEC19FE1}.Release|Any CPU.Build.0 = Release|Any CPU
	EndGlobalSection
	GlobalSection(SolutionProperties) = preSolution
		HideSolutionNode = FALSE
	EndGlobalSection
	GlobalSection(ExtensibilityGlobals) = postSolution
		SolutionGuid = {E55F8EAD-350C-4685-AAA7-098A9B21D38E}
	EndGlobalSection
EndGlobal
